
Microsoft Visual Studio Solution File, Format Version 12.00
# Visual Studio Version 17
VisualStudioVersion = 17.5.33516.290
MinimumVisualStudioVersion = 10.0.40219.1
Project("{9A19103F-16F7-4668-BE54-9A1E7A4F7556}") = "PlanoDeContasAPI", "PlanoDeContasAPI\PlanoDeContasAPI.csproj", "{36C7D88A-C128-45A6-A6A0-C54C2B444FE6}"
EndProject
Project("{9A19103F-16F7-4668-BE54-9A1E7A4F7556}") = "Application", "Application\Application.csproj", "{BEFDB18A-2401-44AE-919E-F4FF8ADA4801}"
EndProject
Project("{9A19103F-16F7-4668-BE54-9A1E7A4F7556}") = "Domain", "Domain\Domain.csproj", "{97787B82-558E-4038-9879-0CBA9B59AA8E}"
EndProject
Project("{9A19103F-16F7-4668-BE54-9A1E7A4F7556}") = "Infrastructure", "Infrastructure\Infrastructure.csproj", "{FE34F8E6-38C5-4BB1-8D45-5AB183A7ADFF}"
EndProject
Project("{FAE04EC0-301F-11D3-BF4B-00C04F79EFBC}") = "PlanoDeContas.UnitTests", "PlanoDeContas.UnitTests\PlanoDeContas.UnitTests.csproj", "{C21D1BBF-C825-4D95-BD39-DBEF1D22F9E9}"
EndProject
Global
	GlobalSection(SolutionConfigurationPlatforms) = preSolution
		Debug|Any CPU = Debug|Any CPU
		Release|Any CPU = Release|Any CPU
	EndGlobalSection
	GlobalSection(ProjectConfigurationPlatforms) = postSolution
		{36C7D88A-C128-45A6-A6A0-C54C2B444FE6}.Debug|Any CPU.ActiveCfg = Debug|Any CPU
		{36C7D88A-C128-45A6-A6A0-C54C2B444FE6}.Debug|Any CPU.Build.0 = Debug|Any CPU
		{36C7D88A-C128-45A6-A6A0-C54C2B444FE6}.Release|Any CPU.ActiveCfg = Release|Any CPU
		{36C7D88A-C128-45A6-A6A0-C54C2B444FE6}.Release|Any CPU.Build.0 = Release|Any CPU
		{BEFDB18A-2401-44AE-919E-F4FF8ADA4801}.Debug|Any CPU.ActiveCfg = Debug|Any CPU
		{BEFDB18A-2401-44AE-919E-F4FF8ADA4801}.Debug|Any CPU.Build.0 = Debug|Any CPU
		{BEFDB18A-2401-44AE-919E-F4FF8ADA4801}.Release|Any CPU.ActiveCfg = Release|Any CPU
		{BEFDB18A-2401-44AE-919E-F4FF8ADA4801}.Release|Any CPU.Build.0 = Release|Any CPU
		{97787B82-558E-4038-9879-0CBA9B59AA8E}.Debug|Any CPU.ActiveCfg = Debug|Any CPU
		{97787B82-558E-4038-9879-0CBA9B59AA8E}.Debug|Any CPU.Build.0 = Debug|Any CPU
		{97787B82-558E-4038-9879-0CBA9B59AA8E}.Release|Any CPU.ActiveCfg = Release|Any CPU
		{97787B82-558E-4038-9879-0CBA9B59AA8E}.Release|Any CPU.Build.0 = Release|Any CPU
		{FE34F8E6-38C5-4BB1-8D45-5AB183A7ADFF}.Debug|Any CPU.ActiveCfg = Debug|Any CPU
		{FE34F8E6-38C5-4BB1-8D45-5AB183A7ADFF}.Debug|Any CPU.Build.0 = Debug|Any CPU
		{FE34F8E6-38C5-4BB1-8D45-5AB183A7ADFF}.Release|Any CPU.ActiveCfg = Release|Any CPU
		{FE34F8E6-38C5-4BB1-8D45-5AB183A7ADFF}.Release|Any CPU.Build.0 = Release|Any CPU
		{C21D1BBF-C825-4D95-BD39-DBEF1D22F9E9}.Debug|Any CPU.ActiveCfg = Debug|Any CPU
		{C21D1BBF-C825-4D95-BD39-DBEF1D22F9E9}.Debug|Any CPU.Build.0 = Debug|Any CPU
		{C21D1BBF-C825-4D95-BD39-DBEF1D22F9E9}.Release|Any CPU.ActiveCfg = Release|Any CPU
		{C21D1BBF-C825-4D95-BD39-DBEF1D22F9E9}.Release|Any CPU.Build.0 = Release|Any CPU
	EndGlobalSection
	GlobalSection(SolutionProperties) = preSolution
		HideSolutionNode = FALSE
	EndGlobalSection
	GlobalSection(ExtensibilityGlobals) = postSolution
		SolutionGuid = {AB853DD3-DB05-4B16-BB44-884A0AC6CC8F}
	EndGlobalSection
EndGlobal
